
Microsoft Visual Studio Solution File, Format Version 12.00
# Visual Studio Version 17
VisualStudioVersion = 17.3.32929.385
MinimumVisualStudioVersion = 10.0.40219.1
Project("{FAE04EC0-301F-11D3-BF4B-00C04F79EFBC}") = "GorselProgOdev", "GorselProgOdev.csproj", "{C9F39F90-75F4-462A-B625-D7B173B75871}"
EndProject
Global
	GlobalSection(SolutionConfigurationPlatforms) = preSolution
		Debug|Any CPU = Debug|Any CPU
		Release|Any CPU = Release|Any CPU
	EndGlobalSection
	GlobalSection(ProjectConfigurationPlatforms) = postSolution
		{C9F39F90-75F4-462A-B625-D7B173B75871}.Debug|Any CPU.ActiveCfg = Debug|Any CPU
		{C9F39F90-75F4-462A-B625-D7B173B75871}.Debug|Any CPU.Build.0 = Debug|Any CPU
		{C9F39F90-75F4-462A-B625-D7B173B75871}.Release|Any CPU.ActiveCfg = Release|Any CPU
		{C9F39F90-75F4-462A-B625-D7B173B75871}.Release|Any CPU.Build.0 = Release|Any CPU
	EndGlobalSection
	GlobalSection(SolutionProperties) = preSolution
		HideSolutionNode = FALSE
	EndGlobalSection
	GlobalSection(ExtensibilityGlobals) = postSolution
		SolutionGuid = {229382F1-D268-4EA6-B6CE-A0592E8E4472}
	EndGlobalSection
EndGlobal
